
Microsoft Visual Studio Solution File, Format Version 12.00
# Visual Studio Version 17
VisualStudioVersion = 17.5.002.0
MinimumVisualStudioVersion = 10.0.40219.1
Project("{9A19103F-16F7-4668-BE54-9A1E7A4F7556}") = "IntroToCSharp", "IntroToCSharp.csproj", "{CEC06E0E-F791-47C3-818A-A6B39F5C4FE8}"
EndProject
Global
	GlobalSection(SolutionConfigurationPlatforms) = preSolution
		Debug|Any CPU = Debug|Any CPU
		Release|Any CPU = Release|Any CPU
	EndGlobalSection
	GlobalSection(ProjectConfigurationPlatforms) = postSolution
		{CEC06E0E-F791-47C3-818A-A6B39F5C4FE8}.Debug|Any CPU.ActiveCfg = Debug|Any CPU
		{CEC06E0E-F791-47C3-818A-A6B39F5C4FE8}.Debug|Any CPU.Build.0 = Debug|Any CPU
		{CEC06E0E-F791-47C3-818A-A6B39F5C4FE8}.Release|Any CPU.ActiveCfg = Release|Any CPU
		{CEC06E0E-F791-47C3-818A-A6B39F5C4FE8}.Release|Any CPU.Build.0 = Release|Any CPU
	EndGlobalSection
	GlobalSection(SolutionProperties) = preSolution
		HideSolutionNode = FALSE
	EndGlobalSection
	GlobalSection(ExtensibilityGlobals) = postSolution
		SolutionGuid = {C49EDAB5-180E-4DFB-942C-BA8571AD3283}
	EndGlobalSection
EndGlobal
